
Microsoft Visual Studio Solution File, Format Version 12.00
Project("{FAE04EC0-301F-11D3-BF4B-00C04F79EFBC}") = "apbd_kolokwium", "apbd_kolokwium\apbd_kolokwium.csproj", "{91DE229A-033A-454C-9BA4-D22623E3C196}"
EndProject
Global
	GlobalSection(SolutionConfigurationPlatforms) = preSolution
		Debug|Any CPU = Debug|Any CPU
		Release|Any CPU = Release|Any CPU
	EndGlobalSection
	GlobalSection(ProjectConfigurationPlatforms) = postSolution
		{91DE229A-033A-454C-9BA4-D22623E3C196}.Debug|Any CPU.ActiveCfg = Debug|Any CPU
		{91DE229A-033A-454C-9BA4-D22623E3C196}.Debug|Any CPU.Build.0 = Debug|Any CPU
		{91DE229A-033A-454C-9BA4-D22623E3C196}.Release|Any CPU.ActiveCfg = Release|Any CPU
		{91DE229A-033A-454C-9BA4-D22623E3C196}.Release|Any CPU.Build.0 = Release|Any CPU
	EndGlobalSection
EndGlobal
